
Microsoft Visual Studio Solution File, Format Version 12.00
# Visual Studio Version 17
VisualStudioVersion = 17.3.32825.248
MinimumVisualStudioVersion = 10.0.40219.1
Project("{FAE04EC0-301F-11D3-BF4B-00C04F79EFBC}") = "Lab1zad3ProgTehnologi", "Lab1zad3ProgTehnologi.csproj", "{4F87E773-5067-48D7-9FF2-06CFA0062A24}"
EndProject
Project("{FAE04EC0-301F-11D3-BF4B-00C04F79EFBC}") = "Lab1zad3ProgTehnologiTests", "..\Lab1zad3ProgTehnologiTests\Lab1zad3ProgTehnologiTests.csproj", "{F504655E-BAA5-406E-9477-D5CB31D7041A}"
EndProject
Global
	GlobalSection(SolutionConfigurationPlatforms) = preSolution
		Debug|Any CPU = Debug|Any CPU
		Release|Any CPU = Release|Any CPU
	EndGlobalSection
	GlobalSection(ProjectConfigurationPlatforms) = postSolution
		{4F87E773-5067-48D7-9FF2-06CFA0062A24}.Debug|Any CPU.ActiveCfg = Debug|Any CPU
		{4F87E773-5067-48D7-9FF2-06CFA0062A24}.Debug|Any CPU.Build.0 = Debug|Any CPU
		{4F87E773-5067-48D7-9FF2-06CFA0062A24}.Release|Any CPU.ActiveCfg = Release|Any CPU
		{4F87E773-5067-48D7-9FF2-06CFA0062A24}.Release|Any CPU.Build.0 = Release|Any CPU
		{F504655E-BAA5-406E-9477-D5CB31D7041A}.Debug|Any CPU.ActiveCfg = Debug|Any CPU
		{F504655E-BAA5-406E-9477-D5CB31D7041A}.Debug|Any CPU.Build.0 = Debug|Any CPU
		{F504655E-BAA5-406E-9477-D5CB31D7041A}.Release|Any CPU.ActiveCfg = Release|Any CPU
		{F504655E-BAA5-406E-9477-D5CB31D7041A}.Release|Any CPU.Build.0 = Release|Any CPU
	EndGlobalSection
	GlobalSection(SolutionProperties) = preSolution
		HideSolutionNode = FALSE
	EndGlobalSection
	GlobalSection(ExtensibilityGlobals) = postSolution
		SolutionGuid = {6C8BC3B6-5B1E-47FD-8A56-49CC35DAEA61}
	EndGlobalSection
EndGlobal
